{
  "nodes": {
    "flake-utils": {
      "locked": {
        "lastModified": 1622445595,
        "narHash": "sha256-m+JRe6Wc5OZ/mKw2bB3+Tl0ZbtyxxxfnAWln8Q5qs+Y=",
        "owner": "numtide",
        "repo": "flake-utils",
        "rev": "7d706970d94bc5559077eb1a6600afddcd25a7c8",
        "type": "github"
      },
      "original": {
        "owner": "numtide",
        "repo": "flake-utils",
        "type": "github"
      }
    },
    "nixpkgs": {
      "locked": {
        "lastModified": 1623601054,
        "narHash": "sha256-YrS++a0N3up+cgUqi719bZb7NNiGTM9V0YzHLhGrGWk=",
        "owner": "NixOS",
        "repo": "nixpkgs",
        "rev": "9a3f4867099bc868b77817c272dce9f39f808376",
        "type": "github"
      },
      "original": {
        "owner": "NixOS",
        "repo": "nixpkgs",
        "type": "github"
      }
    },
    "root": {
      "inputs": {
        "flake-utils": "flake-utils",
        "nixpkgs": "nixpkgs"
      }
    }
  },
  "root": "root",
  "version": 7
}
